
Microsoft Visual Studio Solution File, Format Version 12.00
# Visual Studio Version 17
VisualStudioVersion = 17.5.002.0
MinimumVisualStudioVersion = 10.0.40219.1
Project("{9A19103F-16F7-4668-BE54-9A1E7A4F7556}") = "NetDaemonTests", "NetDaemonTests\NetDaemonTests.csproj", "{0F5EFEBE-8E7B-4AA6-A80A-F39196383874}"
EndProject
Project("{9A19103F-16F7-4668-BE54-9A1E7A4F7556}") = "NetDaemonApps", "NetDaemonApps\NetDaemonApps.csproj", "{DB187E3F-D5C8-49E6-86CB-86928BCB11EF}"
EndProject
Global
	GlobalSection(SolutionConfigurationPlatforms) = preSolution
		Debug|Any CPU = Debug|Any CPU
		Release|Any CPU = Release|Any CPU
	EndGlobalSection
	GlobalSection(ProjectConfigurationPlatforms) = postSolution
		{0F5EFEBE-8E7B-4AA6-A80A-F39196383874}.Debug|Any CPU.ActiveCfg = Debug|Any CPU
		{0F5EFEBE-8E7B-4AA6-A80A-F39196383874}.Debug|Any CPU.Build.0 = Debug|Any CPU
		{0F5EFEBE-8E7B-4AA6-A80A-F39196383874}.Release|Any CPU.ActiveCfg = Release|Any CPU
		{0F5EFEBE-8E7B-4AA6-A80A-F39196383874}.Release|Any CPU.Build.0 = Release|Any CPU
		{DB187E3F-D5C8-49E6-86CB-86928BCB11EF}.Debug|Any CPU.ActiveCfg = Debug|Any CPU
		{DB187E3F-D5C8-49E6-86CB-86928BCB11EF}.Debug|Any CPU.Build.0 = Debug|Any CPU
		{DB187E3F-D5C8-49E6-86CB-86928BCB11EF}.Release|Any CPU.ActiveCfg = Release|Any CPU
		{DB187E3F-D5C8-49E6-86CB-86928BCB11EF}.Release|Any CPU.Build.0 = Release|Any CPU
	EndGlobalSection
	GlobalSection(SolutionProperties) = preSolution
		HideSolutionNode = FALSE
	EndGlobalSection
	GlobalSection(ExtensibilityGlobals) = postSolution
		SolutionGuid = {6A52A779-208B-4919-97C4-A846C005F75D}
	EndGlobalSection
EndGlobal
